// !$*UTF8*$!
{
	archiveVersion = 1;
	classes = {
	};
	objectVersion = 55;
	objects = {

/* Begin PBXBuildFile section */
		0403507D28BCD3ED0055CBB9 /* AppDelegate.swift in Sources */ = {isa = PBXBuildFile; fileRef = 0403507C28BCD3ED0055CBB9 /* AppDelegate.swift */; };
		0403507F28BCD3ED0055CBB9 /* SceneDelegate.swift in Sources */ = {isa = PBXBuildFile; fileRef = 0403507E28BCD3ED0055CBB9 /* SceneDelegate.swift */; };
		0403508128BCD3ED0055CBB9 /* ViewController.swift in Sources */ = {isa = PBXBuildFile; fileRef = 0403508028BCD3ED0055CBB9 /* ViewController.swift */; };
		0403508428BCD3ED0055CBB9 /* Main.storyboard in Resources */ = {isa = PBXBuildFile; fileRef = 0403508228BCD3ED0055CBB9 /* Main.storyboard */; };
		0403508628BCD3EF0055CBB9 /* Assets.xcassets in Resources */ = {isa = PBXBuildFile; fileRef = 0403508528BCD3EF0055CBB9 /* Assets.xcassets */; };
		0403508928BCD3EF0055CBB9 /* LaunchScreen.storyboard in Resources */ = {isa = PBXBuildFile; fileRef = 0403508728BCD3EF0055CBB9 /* LaunchScreen.storyboard */; };
		0403509228BCD7950055CBB9 /* MockData.swift in Sources */ = {isa = PBXBuildFile; fileRef = 0403509128BCD7950055CBB9 /* MockData.swift */; };
		0403509528BCD7D80055CBB9 /* NFT.swift in Sources */ = {isa = PBXBuildFile; fileRef = 0403509428BCD7D80055CBB9 /* NFT.swift */; };
/* End PBXBuildFile section */

/* Begin PBXFileReference section */
		0403507928BCD3ED0055CBB9 /* session2-ui-components.app */ = {isa = PBXFileReference; explicitFileType = wrapper.application; includeInIndex = 0; path = "session2-ui-components.app"; sourceTree = BUILT_PRODUCTS_DIR; };
		0403507C28BCD3ED0055CBB9 /* AppDelegate.swift */ = {isa = PBXFileReference; lastKnownFileType = sourcecode.swift; path = AppDelegate.swift; sourceTree = "<group>"; };
		0403507E28BCD3ED0055CBB9 /* SceneDelegate.swift */ = {isa = PBXFileReference; lastKnownFileType = sourcecode.swift; path = SceneDelegate.swift; sourceTree = "<group>"; };
		0403508028BCD3ED0055CBB9 /* ViewController.swift */ = {isa = PBXFileReference; lastKnownFileType = sourcecode.swift; path = ViewController.swift; sourceTree = "<group>"; };
		0403508328BCD3ED0055CBB9 /* Base */ = {isa = PBXFileReference; lastKnownFileType = file.storyboard; name = Base; path = Base.lproj/Main.storyboard; sourceTree = "<group>"; };
		0403508528BCD3EF0055CBB9 /* Assets.xcassets */ = {isa = PBXFileReference; lastKnownFileType = folder.assetcatalog; path = Assets.xcassets; sourceTree = "<group>"; };
		0403508828BCD3EF0055CBB9 /* Base */ = {isa = PBXFileReference; lastKnownFileType = file.storyboard; name = Base; path = Base.lproj/LaunchScreen.storyboard; sourceTree = "<group>"; };
		0403508A28BCD3EF0055CBB9 /* Info.plist */ = {isa = PBXFileReference; lastKnownFileType = text.plist.xml; path = Info.plist; sourceTree = "<group>"; };
		0403509128BCD7950055CBB9 /* MockData.swift */ = {isa = PBXFileReference; lastKnownFileType = sourcecode.swift; path = MockData.swift; sourceTree = "<group>"; };
		0403509428BCD7D80055CBB9 /* NFT.swift */ = {isa = PBXFileReference; lastKnownFileType = sourcecode.swift; path = NFT.swift; sourceTree = "<group>"; };
/* End PBXFileReference section */

/* Begin PBXFrameworksBuildPhase section */
		0403507628BCD3ED0055CBB9 /* Frameworks */ = {
			isa = PBXFrameworksBuildPhase;
			buildActionMask = 2147483647;
			files = (
			);
			runOnlyForDeploymentPostprocessing = 0;
		};
/* End PBXFrameworksBuildPhase section */

/* Begin PBXGroup section */
		0403507028BCD3ED0055CBB9 = {
			isa = PBXGroup;
			children = (
				0403507B28BCD3ED0055CBB9 /* session2-ui-components */,
				0403507A28BCD3ED0055CBB9 /* Products */,
			);
			sourceTree = "<group>";
		};
		0403507A28BCD3ED0055CBB9 /* Products */ = {
			isa = PBXGroup;
			children = (
				0403507928BCD3ED0055CBB9 /* session2-ui-components.app */,
			);
			name = Products;
			sourceTree = "<group>";
		};
		0403507B28BCD3ED0055CBB9 /* session2-ui-components */ = {
			isa = PBXGroup;
			children = (
				0403509328BCD7D00055CBB9 /* Model */,
				0403509028BCD78A0055CBB9 /* Helper */,
				0403507C28BCD3ED0055CBB9 /* AppDelegate.swift */,
				0403507E28BCD3ED0055CBB9 /* SceneDelegate.swift */,
				0403508028BCD3ED0055CBB9 /* ViewController.swift */,
				0403508228BCD3ED0055CBB9 /* Main.storyboard */,
				0403508528BCD3EF0055CBB9 /* Assets.xcassets */,
				0403508728BCD3EF0055CBB9 /* LaunchScreen.storyboard */,
				0403508A28BCD3EF0055CBB9 /* Info.plist */,
			);
			path = "session2-ui-components";
			sourceTree = "<group>";
		};
		0403509028BCD78A0055CBB9 /* Helper */ = {
			isa = PBXGroup;
			children = (
				0403509128BCD7950055CBB9 /* MockData.swift */,
			);
			path = Helper;
			sourceTree = "<group>";
		};
		0403509328BCD7D00055CBB9 /* Model */ = {
			isa = PBXGroup;
			children = (
				0403509428BCD7D80055CBB9 /* NFT.swift */,
			);
			path = Model;
			sourceTree = "<group>";
		};
/* End PBXGroup section */

/* Begin PBXNativeTarget section */
		0403507828BCD3ED0055CBB9 /* session2-ui-components */ = {
			isa = PBXNativeTarget;
			buildConfigurationList = 0403508D28BCD3EF0055CBB9 /* Build configuration list for PBXNativeTarget "session2-ui-components" */;
			buildPhases = (
				0403507528BCD3ED0055CBB9 /* Sources */,
				0403507628BCD3ED0055CBB9 /* Frameworks */,
				0403507728BCD3ED0055CBB9 /* Resources */,
			);
			buildRules = (
			);
			dependencies = (
			);
			name = "session2-ui-components";
			productName = "session2-ui-components";
			productReference = 0403507928BCD3ED0055CBB9 /* session2-ui-components.app */;
			productType = "com.apple.product-type.application";
		};
/* End PBXNativeTarget section */

/* Begin PBXProject section */
		0403507128BCD3ED0055CBB9 /* Project object */ = {
			isa = PBXProject;
			attributes = {
				BuildIndependentTargetsInParallel = 1;
				LastSwiftUpdateCheck = 1340;
				LastUpgradeCheck = 1340;
				TargetAttributes = {
					0403507828BCD3ED0055CBB9 = {
						CreatedOnToolsVersion = 13.4.1;
					};
				};
			};
			buildConfigurationList = 0403507428BCD3ED0055CBB9 /* Build configuration list for PBXProject "session2-ui-components" */;
			compatibilityVersion = "Xcode 13.0";
			developmentRegion = en;
			hasScannedForEncodings = 0;
			knownRegions = (
				en,
				Base,
			);
			mainGroup = 0403507028BCD3ED0055CBB9;
			productRefGroup = 0403507A28BCD3ED0055CBB9 /* Products */;
			projectDirPath = "";
			projectRoot = "";
			targets = (
				0403507828BCD3ED0055CBB9 /* session2-ui-components */,
			);
		};
/* End PBXProject section */

/* Begin PBXResourcesBuildPhase section */
		0403507728BCD3ED0055CBB9 /* Resources */ = {
			isa = PBXResourcesBuildPhase;
			buildActionMask = 2147483647;
			files = (
				0403508928BCD3EF0055CBB9 /* LaunchScreen.storyboard in Resources */,
				0403508628BCD3EF0055CBB9 /* Assets.xcassets in Resources */,
				0403508428BCD3ED0055CBB9 /* Main.storyboard in Resources */,
			);
			runOnlyForDeploymentPostprocessing = 0;
		};
/* End PBXResourcesBuildPhase section */

/* Begin PBXSourcesBuildPhase section */
		0403507528BCD3ED0055CBB9 /* Sources */ = {
			isa = PBXSourcesBuildPhase;
			buildActionMask = 2147483647;
			files = (
				0403508128BCD3ED0055CBB9 /* ViewController.swift in Sources */,
				0403509228BCD7950055CBB9 /* MockData.swift in Sources */,
				0403509528BCD7D80055CBB9 /* NFT.swift in Sources */,
				0403507D28BCD3ED0055CBB9 /* AppDelegate.swift in Sources */,
				0403507F28BCD3ED0055CBB9 /* SceneDelegate.swift in Sources */,
			);
			runOnlyForDeploymentPostprocessing = 0;
		};
/* End PBXSourcesBuildPhase section */

/* Begin PBXVariantGroup section */
		0403508228BCD3ED0055CBB9 /* Main.storyboard */ = {
			isa = PBXVariantGroup;
			children = (
				0403508328BCD3ED0055CBB9 /* Base */,
			);
			name = Main.storyboard;
			sourceTree = "<group>";
		};
		0403508728BCD3EF0055CBB9 /* LaunchScreen.storyboard */ = {
			isa = PBXVariantGroup;
			children = (
				0403508828BCD3EF0055CBB9 /* Base */,
			);
			name = LaunchScreen.storyboard;
			sourceTree = "<group>";
		};
/* End PBXVariantGroup section */

/* Begin XCBuildConfiguration section */
		0403508B28BCD3EF0055CBB9 /* Debug */ = {
			isa = XCBuildConfiguration;
			buildSettings = {
				ALWAYS_SEARCH_USER_PATHS = NO;
				CLANG_ANALYZER_NONNULL = YES;
				CLANG_ANALYZER_NUMBER_OBJECT_CONVERSION = YES_AGGRESSIVE;
				CLANG_CXX_LANGUAGE_STANDARD = "gnu++17";
				CLANG_ENABLE_MODULES = YES;
				CLANG_ENABLE_OBJC_ARC = YES;
				CLANG_ENABLE_OBJC_WEAK = YES;
				CLANG_WARN_BLOCK_CAPTURE_AUTORELEASING = YES;
				CLANG_WARN_BOOL_CONVERSION = YES;
				CLANG_WARN_COMMA = YES;
				CLANG_WARN_CONSTANT_CONVERSION = YES;
				CLANG_WARN_DEPRECATED_OBJC_IMPLEMENTATIONS = YES;
				CLANG_WARN_DIRECT_OBJC_ISA_USAGE = YES_ERROR;
				CLANG_WARN_DOCUMENTATION_COMMENTS = YES;
				CLANG_WARN_EMPTY_BODY = YES;
				CLANG_WARN_ENUM_CONVERSION = YES;
				CLANG_WARN_INFINITE_RECURSION = YES;
				CLANG_WARN_INT_CONVERSION = YES;
				CLANG_WARN_NON_LITERAL_NULL_CONVERSION = YES;
				CLANG_WARN_OBJC_IMPLICIT_RETAIN_SELF = YES;
				CLANG_WARN_OBJC_LITERAL_CONVERSION = YES;
				CLANG_WARN_OBJC_ROOT_CLASS = YES_ERROR;
				CLANG_WARN_QUOTED_INCLUDE_IN_FRAMEWORK_HEADER = YES;
				CLANG_WARN_RANGE_LOOP_ANALYSIS = YES;
				CLANG_WARN_STRICT_PROTOTYPES = YES;
				CLANG_WARN_SUSPICIOUS_MOVE = YES;
				CLANG_WARN_UNGUARDED_AVAILABILITY = YES_AGGRESSIVE;
				CLANG_WARN_UNREACHABLE_CODE = YES;
				CLANG_WARN__DUPLICATE_METHOD_MATCH = YES;
				COPY_PHASE_STRIP = NO;
				DEBUG_INFORMATION_FORMAT = dwarf;
				ENABLE_STRICT_OBJC_MSGSEND = YES;
				ENABLE_TESTABILITY = YES;
				GCC_C_LANGUAGE_STANDARD = gnu11;
				GCC_DYNAMIC_NO_PIC = NO;
				GCC_NO_COMMON_BLOCKS = YES;
				GCC_OPTIMIZATION_LEVEL = 0;
				GCC_PREPROCESSOR_DEFINITIONS = (
					"DEBUG=1",
					"$(inherited)",
				);
				GCC_WARN_64_TO_32_BIT_CONVERSION = YES;
				GCC_WARN_ABOUT_RETURN_TYPE = YES_ERROR;
				GCC_WARN_UNDECLARED_SELECTOR = YES;
				GCC_WARN_UNINITIALIZED_AUTOS = YES_AGGRESSIVE;
				GCC_WARN_UNUSED_FUNCTION = YES;
				GCC_WARN_UNUSED_VARIABLE = YES;
				IPHONEOS_DEPLOYMENT_TARGET = 15.5;
				MTL_ENABLE_DEBUG_INFO = INCLUDE_SOURCE;
				MTL_FAST_MATH = YES;
				ONLY_ACTIVE_ARCH = YES;
				SDKROOT = iphoneos;
				SWIFT_ACTIVE_COMPILATION_CONDITIONS = DEBUG;
				SWIFT_OPTIMIZATION_LEVEL = "-Onone";
			};
			name = Debug;
		};
		0403508C28BCD3EF0055CBB9 /* Release */ = {
			isa = XCBuildConfiguration;
			buildSettings = {
				ALWAYS_SEARCH_USER_PATHS = NO;
				CLANG_ANALYZER_NONNULL = YES;
				CLANG_ANALYZER_NUMBER_OBJECT_CONVERSION = YES_AGGRESSIVE;
				CLANG_CXX_LANGUAGE_STANDARD = "gnu++17";
				CLANG_ENABLE_MODULES = YES;
				CLANG_ENABLE_OBJC_ARC = YES;
				CLANG_ENABLE_OBJC_WEAK = YES;
				CLANG_WARN_BLOCK_CAPTURE_AUTORELEASING = YES;
				CLANG_WARN_BOOL_CONVERSION = YES;
				CLANG_WARN_COMMA = YES;
				CLANG_WARN_CONSTANT_CONVERSION = YES;
				CLANG_WARN_DEPRECATED_OBJC_IMPLEMENTATIONS = YES;
				CLANG_WARN_DIRECT_OBJC_ISA_USAGE = YES_ERROR;
				CLANG_WARN_DOCUMENTATION_COMMENTS = YES;
				CLANG_WARN_EMPTY_BODY = YES;
				CLANG_WARN_ENUM_CONVERSION = YES;
				CLANG_WARN_INFINITE_RECURSION = YES;
				CLANG_WARN_INT_CONVERSION = YES;
				CLANG_WARN_NON_LITERAL_NULL_CONVERSION = YES;
				CLANG_WARN_OBJC_IMPLICIT_RETAIN_SELF = YES;
				CLANG_WARN_OBJC_LITERAL_CONVERSION = YES;
				CLANG_WARN_OBJC_ROOT_CLASS = YES_ERROR;
				CLANG_WARN_QUOTED_INCLUDE_IN_FRAMEWORK_HEADER = YES;
				CLANG_WARN_RANGE_LOOP_ANALYSIS = YES;
				CLANG_WARN_STRICT_PROTOTYPES = YES;
				CLANG_WARN_SUSPICIOUS_MOVE = YES;
				CLANG_WARN_UNGUARDED_AVAILABILITY = YES_AGGRESSIVE;
				CLANG_WARN_UNREACHABLE_CODE = YES;
				CLANG_WARN__DUPLICATE_METHOD_MATCH = YES;
				COPY_PHASE_STRIP = NO;
				DEBUG_INFORMATION_FORMAT = "dwarf-with-dsym";
				ENABLE_NS_ASSERTIONS = NO;
				ENABLE_STRICT_OBJC_MSGSEND = YES;
				GCC_C_LANGUAGE_STANDARD = gnu11;
				GCC_NO_COMMON_BLOCKS = YES;
				GCC_WARN_64_TO_32_BIT_CONVERSION = YES;
				GCC_WARN_ABOUT_RETURN_TYPE = YES_ERROR;
				GCC_WARN_UNDECLARED_SELECTOR = YES;
				GCC_WARN_UNINITIALIZED_AUTOS = YES_AGGRESSIVE;
				GCC_WARN_UNUSED_FUNCTION = YES;
				GCC_WARN_UNUSED_VARIABLE = YES;
				IPHONEOS_DEPLOYMENT_TARGET = 15.5;
				MTL_ENABLE_DEBUG_INFO = NO;
				MTL_FAST_MATH = YES;
				SDKROOT = iphoneos;
				SWIFT_COMPILATION_MODE = wholemodule;
				SWIFT_OPTIMIZATION_LEVEL = "-O";
				VALIDATE_PRODUCT = YES;
			};
			name = Release;
		};
		0403508E28BCD3EF0055CBB9 /* Debug */ = {
			isa = XCBuildConfiguration;
			buildSettings = {
				ASSETCATALOG_COMPILER_APPICON_NAME = AppIcon;
				ASSETCATALOG_COMPILER_GLOBAL_ACCENT_COLOR_NAME = AccentColor;
				CODE_SIGN_STYLE = Automatic;
				CURRENT_PROJECT_VERSION = 1;
				GENERATE_INFOPLIST_FILE = YES;
				INFOPLIST_FILE = "session2-ui-components/Info.plist";
				INFOPLIST_KEY_UIApplicationSupportsIndirectInputEvents = YES;
				INFOPLIST_KEY_UILaunchStoryboardName = LaunchScreen;
				INFOPLIST_KEY_UIMainStoryboardFile = Main;
				INFOPLIST_KEY_UISupportedInterfaceOrientations_iPad = "UIInterfaceOrientationPortrait UIInterfaceOrientationPortraitUpsideDown UIInterfaceOrientationLandscapeLeft UIInterfaceOrientationLandscapeRight";
				INFOPLIST_KEY_UISupportedInterfaceOrientations_iPhone = "UIInterfaceOrientationPortrait UIInterfaceOrientationLandscapeLeft UIInterfaceOrientationLandscapeRight";
				LD_RUNPATH_SEARCH_PATHS = (
					"$(inherited)",
					"@executable_path/Frameworks",
				);
				MARKETING_VERSION = 1.0;
				PRODUCT_BUNDLE_IDENTIFIER = "com.PB-LearningSession.session2-ui-components";
				PRODUCT_NAME = "$(TARGET_NAME)";
				SWIFT_EMIT_LOC_STRINGS = YES;
				SWIFT_VERSION = 5.0;
				TARGETED_DEVICE_FAMILY = "1,2";
			};
			name = Debug;
		};
		0403508F28BCD3EF0055CBB9 /* Release */ = {
			isa = XCBuildConfiguration;
			buildSettings = {
				ASSETCATALOG_COMPILER_APPICON_NAME = AppIcon;
				ASSETCATALOG_COMPILER_GLOBAL_ACCENT_COLOR_NAME = AccentColor;
				CODE_SIGN_STYLE = Automatic;
				CURRENT_PROJECT_VERSION = 1;
				GENERATE_INFOPLIST_FILE = YES;
				INFOPLIST_FILE = "session2-ui-components/Info.plist";
				INFOPLIST_KEY_UIApplicationSupportsIndirectInputEvents = YES;
				INFOPLIST_KEY_UILaunchStoryboardName = LaunchScreen;
				INFOPLIST_KEY_UIMainStoryboardFile = Main;
				INFOPLIST_KEY_UISupportedInterfaceOrientations_iPad = "UIInterfaceOrientationPortrait UIInterfaceOrientationPortraitUpsideDown UIInterfaceOrientationLandscapeLeft UIInterfaceOrientationLandscapeRight";
				INFOPLIST_KEY_UISupportedInterfaceOrientations_iPhone = "UIInterfaceOrientationPortrait UIInterfaceOrientationLandscapeLeft UIInterfaceOrientationLandscapeRight";
				LD_RUNPATH_SEARCH_PATHS = (
					"$(inherited)",
					"@executable_path/Frameworks",
				);
				MARKETING_VERSION = 1.0;
				PRODUCT_BUNDLE_IDENTIFIER = "com.PB-LearningSession.session2-ui-components";
				PRODUCT_NAME = "$(TARGET_NAME)";
				SWIFT_EMIT_LOC_STRINGS = YES;
				SWIFT_VERSION = 5.0;
				TARGETED_DEVICE_FAMILY = "1,2";
			};
			name = Release;
		};
/* End XCBuildConfiguration section */

/* Begin XCConfigurationList section */
		0403507428BCD3ED0055CBB9 /* Build configuration list for PBXProject "session2-ui-components" */ = {
			isa = XCConfigurationList;
			buildConfigurations = (
				0403508B28BCD3EF0055CBB9 /* Debug */,
				0403508C28BCD3EF0055CBB9 /* Release */,
			);
			defaultConfigurationIsVisible = 0;
			defaultConfigurationName = Release;
		};
		0403508D28BCD3EF0055CBB9 /* Build configuration list for PBXNativeTarget "session2-ui-components" */ = {
			isa = XCConfigurationList;
			buildConfigurations = (
				0403508E28BCD3EF0055CBB9 /* Debug */,
				0403508F28BCD3EF0055CBB9 /* Release */,
			);
			defaultConfigurationIsVisible = 0;
			defaultConfigurationName = Release;
		};
/* End XCConfigurationList section */
	};
	rootObject = 0403507128BCD3ED0055CBB9 /* Project object */;
}
